<?xml version="1.0" encoding="utf-8"?>
<Project ToolsVersion="4.0" xmlns="http://schemas.microsoft.com/developer/msbuild/2003">
  <ItemGroup>
    <Filter Include="Pip">
      <UniqueIdentifier>{2E15880B-9A1E-887C-239A-9E7C8FA2937C}</UniqueIdentifier>
    </Filter>
    <Filter Include="Pip\Events">
      <UniqueIdentifier>{52614868-3E19-8AB5-A720-631193F724A6}</UniqueIdentifier>
    </Filter>
  </ItemGroup>
  <ItemGroup>
    <ClInclude Include="src\Pip.h" />
    <ClInclude Include="src\Pip\Application.h">
      <Filter>Pip</Filter>
    </ClInclude>
    <ClInclude Include="src\Pip\Core.h">
      <Filter>Pip</Filter>
    </ClInclude>
    <ClInclude Include="src\Pip\EntryPoint.h">
      <Filter>Pip</Filter>
    </ClInclude>
    <ClInclude Include="src\Pip\Events\ApplicationEvent.h">
      <Filter>Pip\Events</Filter>
    </ClInclude>
    <ClInclude Include="src\Pip\Events\Event.h">
      <Filter>Pip\Events</Filter>
    </ClInclude>
    <ClInclude Include="src\Pip\Events\KeyEvent.h">
      <Filter>Pip\Events</Filter>
    </ClInclude>
    <ClInclude Include="src\Pip\Events\MouseEvent.h">
      <Filter>Pip\Events</Filter>
    </ClInclude>
    <ClInclude Include="src\Pip\Log.h">
      <Filter>Pip</Filter>
    </ClInclude>
    <ClInclude Include="src\pippch.h" />
  </ItemGroup>
  <ItemGroup>
    <ClCompile Include="src\Pip\Application.cpp">
      <Filter>Pip</Filter>
    </ClCompile>
    <ClCompile Include="src\Pip\Log.cpp">
      <Filter>Pip</Filter>
    </ClCompile>
    <ClCompile Include="src\pippch.cpp" />
  </ItemGroup>
</Project>